
Microsoft Visual Studio Solution File, Format Version 12.00
# Visual Studio Version 17
VisualStudioVersion = 17.7.34009.444
MinimumVisualStudioVersion = 10.0.40219.1
Project("{9A19103F-16F7-4668-BE54-9A1E7A4F7556}") = "Serifu.Data", "Serifu.Data\Serifu.Data.csproj", "{37164BB0-5B78-4E42-9121-D8E807C2D7C0}"
EndProject
Project("{9A19103F-16F7-4668-BE54-9A1E7A4F7556}") = "Serifu.Importer.Kancolle", "Serifu.Importer.Kancolle\Serifu.Importer.Kancolle.csproj", "{B0BDC509-54DC-4098-9968-AF615A971F10}"
EndProject
Project("{2150E333-8FDC-42A3-9474-1A3956D46DE8}") = "Solution Items", "Solution Items", "{B81DCFC9-FFDC-42B8-93F4-75774F3A69F0}"
	ProjectSection(SolutionItems) = preProject
		.editorconfig = .editorconfig
	EndProjectSection
EndProject
Project("{9A19103F-16F7-4668-BE54-9A1E7A4F7556}") = "Serifu.Data.Sqlite", "Serifu.Data.Sqlite\Serifu.Data.Sqlite.csproj", "{19AFB2F0-6BA0-4D2B-B636-2CD82AB8BDF8}"
EndProject
Project("{9A19103F-16F7-4668-BE54-9A1E7A4F7556}") = "Serifu.Data.Elasticsearch", "Serifu.Data.Elasticsearch\Serifu.Data.Elasticsearch.csproj", "{441B9A37-447F-4330-B71C-612479B278D0}"
EndProject
Project("{9A19103F-16F7-4668-BE54-9A1E7A4F7556}") = "Serifu.Data.Elasticsearch.Build", "Serifu.Data.Elasticsearch.Build\Serifu.Data.Elasticsearch.Build.csproj", "{2275100B-213F-4817-ABE3-3947428B732A}"
EndProject
Project("{9A19103F-16F7-4668-BE54-9A1E7A4F7556}") = "Serifu.ML", "Serifu.ML\Serifu.ML.csproj", "{896C041F-CFA7-48CA-8BB0-047464D270D0}"
EndProject
Project("{FAE04EC0-301F-11D3-BF4B-00C04F79EFBC}") = "Serifu.ML.Benchmark", "Serifu.ML.Benchmark\Serifu.ML.Benchmark.csproj", "{D64F7752-5AE0-44B5-BA07-18A49BE88B87}"
EndProject
Global
	GlobalSection(SolutionConfigurationPlatforms) = preSolution
		Debug|Any CPU = Debug|Any CPU
		Release|Any CPU = Release|Any CPU
	EndGlobalSection
	GlobalSection(ProjectConfigurationPlatforms) = postSolution
		{37164BB0-5B78-4E42-9121-D8E807C2D7C0}.Debug|Any CPU.ActiveCfg = Debug|Any CPU
		{37164BB0-5B78-4E42-9121-D8E807C2D7C0}.Debug|Any CPU.Build.0 = Debug|Any CPU
		{37164BB0-5B78-4E42-9121-D8E807C2D7C0}.Release|Any CPU.ActiveCfg = Release|Any CPU
		{37164BB0-5B78-4E42-9121-D8E807C2D7C0}.Release|Any CPU.Build.0 = Release|Any CPU
		{B0BDC509-54DC-4098-9968-AF615A971F10}.Debug|Any CPU.ActiveCfg = Debug|Any CPU
		{B0BDC509-54DC-4098-9968-AF615A971F10}.Debug|Any CPU.Build.0 = Debug|Any CPU
		{B0BDC509-54DC-4098-9968-AF615A971F10}.Release|Any CPU.ActiveCfg = Release|Any CPU
		{B0BDC509-54DC-4098-9968-AF615A971F10}.Release|Any CPU.Build.0 = Release|Any CPU
		{19AFB2F0-6BA0-4D2B-B636-2CD82AB8BDF8}.Debug|Any CPU.ActiveCfg = Debug|Any CPU
		{19AFB2F0-6BA0-4D2B-B636-2CD82AB8BDF8}.Debug|Any CPU.Build.0 = Debug|Any CPU
		{19AFB2F0-6BA0-4D2B-B636-2CD82AB8BDF8}.Release|Any CPU.ActiveCfg = Release|Any CPU
		{19AFB2F0-6BA0-4D2B-B636-2CD82AB8BDF8}.Release|Any CPU.Build.0 = Release|Any CPU
		{441B9A37-447F-4330-B71C-612479B278D0}.Debug|Any CPU.ActiveCfg = Debug|Any CPU
		{441B9A37-447F-4330-B71C-612479B278D0}.Debug|Any CPU.Build.0 = Debug|Any CPU
		{441B9A37-447F-4330-B71C-612479B278D0}.Release|Any CPU.ActiveCfg = Release|Any CPU
		{441B9A37-447F-4330-B71C-612479B278D0}.Release|Any CPU.Build.0 = Release|Any CPU
		{2275100B-213F-4817-ABE3-3947428B732A}.Debug|Any CPU.ActiveCfg = Debug|Any CPU
		{2275100B-213F-4817-ABE3-3947428B732A}.Debug|Any CPU.Build.0 = Debug|Any CPU
		{2275100B-213F-4817-ABE3-3947428B732A}.Release|Any CPU.ActiveCfg = Release|Any CPU
		{2275100B-213F-4817-ABE3-3947428B732A}.Release|Any CPU.Build.0 = Release|Any CPU
		{896C041F-CFA7-48CA-8BB0-047464D270D0}.Debug|Any CPU.ActiveCfg = Debug|Any CPU
		{896C041F-CFA7-48CA-8BB0-047464D270D0}.Debug|Any CPU.Build.0 = Debug|Any CPU
		{896C041F-CFA7-48CA-8BB0-047464D270D0}.Release|Any CPU.ActiveCfg = Release|Any CPU
		{896C041F-CFA7-48CA-8BB0-047464D270D0}.Release|Any CPU.Build.0 = Release|Any CPU
		{D64F7752-5AE0-44B5-BA07-18A49BE88B87}.Debug|Any CPU.ActiveCfg = Debug|Any CPU
		{D64F7752-5AE0-44B5-BA07-18A49BE88B87}.Debug|Any CPU.Build.0 = Debug|Any CPU
		{D64F7752-5AE0-44B5-BA07-18A49BE88B87}.Release|Any CPU.ActiveCfg = Release|Any CPU
		{D64F7752-5AE0-44B5-BA07-18A49BE88B87}.Release|Any CPU.Build.0 = Release|Any CPU
	EndGlobalSection
	GlobalSection(SolutionProperties) = preSolution
		HideSolutionNode = FALSE
	EndGlobalSection
	GlobalSection(ExtensibilityGlobals) = postSolution
		SolutionGuid = {F8F97E3C-A827-4F85-AF3C-39E226303A62}
	EndGlobalSection
EndGlobal
